{
  "requires": true,
  "lockfileVersion": 1,
  "dependencies": {
    "@dcloudio/uni-ui": {
      "version": "1.2.3",
      "resolved": "https://registry.npmjs.org/@dcloudio/uni-ui/-/uni-ui-1.2.3.tgz",
      "integrity": "sha512-1oBBy301fAjjMthk9DefCS5MJC+Q//Rtt+SJlHwoHiqYc+UaFOjMzzZPF6FKG/PPGouSoBESfDu9uHnr3xRbZA=="
    },
    "uview-ui": {
      "version": "1.5.5",
      "resolved": "https://registry.npmjs.org/uview-ui/-/uview-ui-1.5.5.tgz",
      "integrity": "sha512-4ptJCJWH40Fg5pKxWbttyF5DHdQSbnUOmbSeIx/Xvmewr1jEnXsvo34wvXqS8lRuE5VL2qSbc1frJERJ7to6Ag=="
    }
  }
}
